
Microsoft Visual Studio Solution File, Format Version 12.00
# Visual Studio 15
VisualStudioVersion = 15.0.28307.421
MinimumVisualStudioVersion = 10.0.40219.1
Project("{FAE04EC0-301F-11D3-BF4B-00C04F79EFBC}") = "Proyecto 2 -CalculoVectorial", "Proyecto 2 -CalculoVectorial\Proyecto 2 -CalculoVectorial.csproj", "{307E2728-0B1C-4EE3-88CE-33A2FDC8C220}"
EndProject
Global
	GlobalSection(SolutionConfigurationPlatforms) = preSolution
		Debug|Any CPU = Debug|Any CPU
		Release|Any CPU = Release|Any CPU
	EndGlobalSection
	GlobalSection(ProjectConfigurationPlatforms) = postSolution
		{307E2728-0B1C-4EE3-88CE-33A2FDC8C220}.Debug|Any CPU.ActiveCfg = Debug|Any CPU
		{307E2728-0B1C-4EE3-88CE-33A2FDC8C220}.Debug|Any CPU.Build.0 = Debug|Any CPU
		{307E2728-0B1C-4EE3-88CE-33A2FDC8C220}.Release|Any CPU.ActiveCfg = Release|Any CPU
		{307E2728-0B1C-4EE3-88CE-33A2FDC8C220}.Release|Any CPU.Build.0 = Release|Any CPU
	EndGlobalSection
	GlobalSection(SolutionProperties) = preSolution
		HideSolutionNode = FALSE
	EndGlobalSection
	GlobalSection(ExtensibilityGlobals) = postSolution
		SolutionGuid = {3FDBB855-60D4-4F41-9E1D-8669F74C83A2}
	EndGlobalSection
EndGlobal
